// !$*UTF8*$!
{
	archiveVersion = 1;
	classes = {
	};
	objectVersion = 46;
	objects = {

/* Begin PBXBuildFile section */
		9DC0C5D31C20FAE10005251E /* main.m in Sources */ = {isa = PBXBuildFile; fileRef = 9DC0C5D21C20FAE10005251E /* main.m */; };
		9DC0C5D61C20FAE10005251E /* AppDelegate.m in Sources */ = {isa = PBXBuildFile; fileRef = 9DC0C5D51C20FAE10005251E /* AppDelegate.m */; };
		9DC0C5D91C20FAE10005251E /* ViewController.m in Sources */ = {isa = PBXBuildFile; fileRef = 9DC0C5D81C20FAE10005251E /* ViewController.m */; };
		9DC0C5DC1C20FAE10005251E /* Main.storyboard in Resources */ = {isa = PBXBuildFile; fileRef = 9DC0C5DA1C20FAE10005251E /* Main.storyboard */; };
		9DC0C5DE1C20FAE10005251E /* Assets.xcassets in Resources */ = {isa = PBXBuildFile; fileRef = 9DC0C5DD1C20FAE10005251E /* Assets.xcassets */; };
		9DC0C5E11C20FAE10005251E /* LaunchScreen.storyboard in Resources */ = {isa = PBXBuildFile; fileRef = 9DC0C5DF1C20FAE10005251E /* LaunchScreen.storyboard */; };
		9DC0C5EC1C20FAE10005251E /* SingletonTests.m in Sources */ = {isa = PBXBuildFile; fileRef = 9DC0C5EB1C20FAE10005251E /* SingletonTests.m */; };
		9DC0C5F71C20FAE10005251E /* SingletonUITests.m in Sources */ = {isa = PBXBuildFile; fileRef = 9DC0C5F61C20FAE10005251E /* SingletonUITests.m */; };
		9DC0C6061C20FB100005251E /* MyAppEngine.m in Sources */ = {isa = PBXBuildFile; fileRef = 9DC0C6051C20FB100005251E /* MyAppEngine.m */; };
		9DC0C6091C20FC500005251E /* User.m in Sources */ = {isa = PBXBuildFile; fileRef = 9DC0C6081C20FC500005251E /* User.m */; };
/* End PBXBuildFile section */

/* Begin PBXContainerItemProxy section */
		9DC0C5E81C20FAE10005251E /* PBXContainerItemProxy */ = {
			isa = PBXContainerItemProxy;
			containerPortal = 9DC0C5C61C20FAE10005251E /* Project object */;
			proxyType = 1;
			remoteGlobalIDString = 9DC0C5CD1C20FAE10005251E;
			remoteInfo = Singleton;
		};
		9DC0C5F31C20FAE10005251E /* PBXContainerItemProxy */ = {
			isa = PBXContainerItemProxy;
			containerPortal = 9DC0C5C61C20FAE10005251E /* Project object */;
			proxyType = 1;
			remoteGlobalIDString = 9DC0C5CD1C20FAE10005251E;
			remoteInfo = Singleton;
		};
/* End PBXContainerItemProxy section */

/* Begin PBXFileReference section */
		9DC0C5CE1C20FAE10005251E /* Singleton.app */ = {isa = PBXFileReference; explicitFileType = wrapper.application; includeInIndex = 0; path = Singleton.app; sourceTree = BUILT_PRODUCTS_DIR; };
		9DC0C5D21C20FAE10005251E /* main.m */ = {isa = PBXFileReference; lastKnownFileType = sourcecode.c.objc; path = main.m; sourceTree = "<group>"; };
		9DC0C5D41C20FAE10005251E /* AppDelegate.h */ = {isa = PBXFileReference; lastKnownFileType = sourcecode.c.h; path = AppDelegate.h; sourceTree = "<group>"; };
		9DC0C5D51C20FAE10005251E /* AppDelegate.m */ = {isa = PBXFileReference; lastKnownFileType = sourcecode.c.objc; path = AppDelegate.m; sourceTree = "<group>"; };
		9DC0C5D71C20FAE10005251E /* ViewController.h */ = {isa = PBXFileReference; lastKnownFileType = sourcecode.c.h; path = ViewController.h; sourceTree = "<group>"; };
		9DC0C5D81C20FAE10005251E /* ViewController.m */ = {isa = PBXFileReference; lastKnownFileType = sourcecode.c.objc; path = ViewController.m; sourceTree = "<group>"; };
		9DC0C5DB1C20FAE10005251E /* Base */ = {isa = PBXFileReference; lastKnownFileType = file.storyboard; name = Base; path = Base.lproj/Main.storyboard; sourceTree = "<group>"; };
		9DC0C5DD1C20FAE10005251E /* Assets.xcassets */ = {isa = PBXFileReference; lastKnownFileType = folder.assetcatalog; path = Assets.xcassets; sourceTree = "<group>"; };
		9DC0C5E01C20FAE10005251E /* Base */ = {isa = PBXFileReference; lastKnownFileType = file.storyboard; name = Base; path = Base.lproj/LaunchScreen.storyboard; sourceTree = "<group>"; };
		9DC0C5E21C20FAE10005251E /* Info.plist */ = {isa = PBXFileReference; lastKnownFileType = text.plist.xml; path = Info.plist; sourceTree = "<group>"; };
		9DC0C5E71C20FAE10005251E /* SingletonTests.xctest */ = {isa = PBXFileReference; explicitFileType = wrapper.cfbundle; includeInIndex = 0; path = SingletonTests.xctest; sourceTree = BUILT_PRODUCTS_DIR; };
		9DC0C5EB1C20FAE10005251E /* SingletonTests.m */ = {isa = PBXFileReference; lastKnownFileType = sourcecode.c.objc; path = SingletonTests.m; sourceTree = "<group>"; };
		9DC0C5ED1C20FAE10005251E /* Info.plist */ = {isa = PBXFileReference; lastKnownFileType = text.plist.xml; path = Info.plist; sourceTree = "<group>"; };
		9DC0C5F21C20FAE10005251E /* SingletonUITests.xctest */ = {isa = PBXFileReference; explicitFileType = wrapper.cfbundle; includeInIndex = 0; path = SingletonUITests.xctest; sourceTree = BUILT_PRODUCTS_DIR; };
		9DC0C5F61C20FAE10005251E /* SingletonUITests.m */ = {isa = PBXFileReference; lastKnownFileType = sourcecode.c.objc; path = SingletonUITests.m; sourceTree = "<group>"; };
		9DC0C5F81C20FAE10005251E /* Info.plist */ = {isa = PBXFileReference; lastKnownFileType = text.plist.xml; path = Info.plist; sourceTree = "<group>"; };
		9DC0C6041C20FB100005251E /* MyAppEngine.h */ = {isa = PBXFileReference; fileEncoding = 4; lastKnownFileType = sourcecode.c.h; path = MyAppEngine.h; sourceTree = "<group>"; };
		9DC0C6051C20FB100005251E /* MyAppEngine.m */ = {isa = PBXFileReference; fileEncoding = 4; lastKnownFileType = sourcecode.c.objc; path = MyAppEngine.m; sourceTree = "<group>"; };
		9DC0C6071C20FC500005251E /* User.h */ = {isa = PBXFileReference; fileEncoding = 4; lastKnownFileType = sourcecode.c.h; path = User.h; sourceTree = "<group>"; };
		9DC0C6081C20FC500005251E /* User.m */ = {isa = PBXFileReference; fileEncoding = 4; lastKnownFileType = sourcecode.c.objc; path = User.m; sourceTree = "<group>"; };
/* End PBXFileReference section */

/* Begin PBXFrameworksBuildPhase section */
		9DC0C5CB1C20FAE10005251E /* Frameworks */ = {
			isa = PBXFrameworksBuildPhase;
			buildActionMask = 2147483647;
			files = (
			);
			runOnlyForDeploymentPostprocessing = 0;
		};
		9DC0C5E41C20FAE10005251E /* Frameworks */ = {
			isa = PBXFrameworksBuildPhase;
			buildActionMask = 2147483647;
			files = (
			);
			runOnlyForDeploymentPostprocessing = 0;
		};
		9DC0C5EF1C20FAE10005251E /* Frameworks */ = {
			isa = PBXFrameworksBuildPhase;
			buildActionMask = 2147483647;
			files = (
			);
			runOnlyForDeploymentPostprocessing = 0;
		};
/* End PBXFrameworksBuildPhase section */

/* Begin PBXGroup section */
		9DC0C5C51C20FAE10005251E = {
			isa = PBXGroup;
			children = (
				9DC0C5D01C20FAE10005251E /* Singleton */,
				9DC0C5EA1C20FAE10005251E /* SingletonTests */,
				9DC0C5F51C20FAE10005251E /* SingletonUITests */,
				9DC0C5CF1C20FAE10005251E /* Products */,
			);
			sourceTree = "<group>";
		};
		9DC0C5CF1C20FAE10005251E /* Products */ = {
			isa = PBXGroup;
			children = (
				9DC0C5CE1C20FAE10005251E /* Singleton.app */,
				9DC0C5E71C20FAE10005251E /* SingletonTests.xctest */,
				9DC0C5F21C20FAE10005251E /* SingletonUITests.xctest */,
			);
			name = Products;
			sourceTree = "<group>";
		};
		9DC0C5D01C20FAE10005251E /* Singleton */ = {
			isa = PBXGroup;
			children = (
				9DC0C5D41C20FAE10005251E /* AppDelegate.h */,
				9DC0C5D51C20FAE10005251E /* AppDelegate.m */,
				9DC0C5D71C20FAE10005251E /* ViewController.h */,
				9DC0C5D81C20FAE10005251E /* ViewController.m */,
				9DC0C5DA1C20FAE10005251E /* Main.storyboard */,
				9DC0C5DD1C20FAE10005251E /* Assets.xcassets */,
				9DC0C5DF1C20FAE10005251E /* LaunchScreen.storyboard */,
				9DC0C5E21C20FAE10005251E /* Info.plist */,
				9DC0C5D11C20FAE10005251E /* Supporting Files */,
				9DC0C6041C20FB100005251E /* MyAppEngine.h */,
				9DC0C6051C20FB100005251E /* MyAppEngine.m */,
				9DC0C6071C20FC500005251E /* User.h */,
				9DC0C6081C20FC500005251E /* User.m */,
			);
			path = Singleton;
			sourceTree = "<group>";
		};
		9DC0C5D11C20FAE10005251E /* Supporting Files */ = {
			isa = PBXGroup;
			children = (
				9DC0C5D21C20FAE10005251E /* main.m */,
			);
			name = "Supporting Files";
			sourceTree = "<group>";
		};
		9DC0C5EA1C20FAE10005251E /* SingletonTests */ = {
			isa = PBXGroup;
			children = (
				9DC0C5EB1C20FAE10005251E /* SingletonTests.m */,
				9DC0C5ED1C20FAE10005251E /* Info.plist */,
			);
			path = SingletonTests;
			sourceTree = "<group>";
		};
		9DC0C5F51C20FAE10005251E /* SingletonUITests */ = {
			isa = PBXGroup;
			children = (
				9DC0C5F61C20FAE10005251E /* SingletonUITests.m */,
				9DC0C5F81C20FAE10005251E /* Info.plist */,
			);
			path = SingletonUITests;
			sourceTree = "<group>";
		};
/* End PBXGroup section */

/* Begin PBXNativeTarget section */
		9DC0C5CD1C20FAE10005251E /* Singleton */ = {
			isa = PBXNativeTarget;
			buildConfigurationList = 9DC0C5FB1C20FAE10005251E /* Build configuration list for PBXNativeTarget "Singleton" */;
			buildPhases = (
				9DC0C5CA1C20FAE10005251E /* Sources */,
				9DC0C5CB1C20FAE10005251E /* Frameworks */,
				9DC0C5CC1C20FAE10005251E /* Resources */,
			);
			buildRules = (
			);
			dependencies = (
			);
			name = Singleton;
			productName = Singleton;
			productReference = 9DC0C5CE1C20FAE10005251E /* Singleton.app */;
			productType = "com.apple.product-type.application";
		};
		9DC0C5E61C20FAE10005251E /* SingletonTests */ = {
			isa = PBXNativeTarget;
			buildConfigurationList = 9DC0C5FE1C20FAE10005251E /* Build configuration list for PBXNativeTarget "SingletonTests" */;
			buildPhases = (
				9DC0C5E31C20FAE10005251E /* Sources */,
				9DC0C5E41C20FAE10005251E /* Frameworks */,
				9DC0C5E51C20FAE10005251E /* Resources */,
			);
			buildRules = (
			);
			dependencies = (
				9DC0C5E91C20FAE10005251E /* PBXTargetDependency */,
			);
			name = SingletonTests;
			productName = SingletonTests;
			productReference = 9DC0C5E71C20FAE10005251E /* SingletonTests.xctest */;
			productType = "com.apple.product-type.bundle.unit-test";
		};
		9DC0C5F11C20FAE10005251E /* SingletonUITests */ = {
			isa = PBXNativeTarget;
			buildConfigurationList = 9DC0C6011C20FAE10005251E /* Build configuration list for PBXNativeTarget "SingletonUITests" */;
			buildPhases = (
				9DC0C5EE1C20FAE10005251E /* Sources */,
				9DC0C5EF1C20FAE10005251E /* Frameworks */,
				9DC0C5F01C20FAE10005251E /* Resources */,
			);
			buildRules = (
			);
			dependencies = (
				9DC0C5F41C20FAE10005251E /* PBXTargetDependency */,
			);
			name = SingletonUITests;
			productName = SingletonUITests;
			productReference = 9DC0C5F21C20FAE10005251E /* SingletonUITests.xctest */;
			productType = "com.apple.product-type.bundle.ui-testing";
		};
/* End PBXNativeTarget section */

/* Begin PBXProject section */
		9DC0C5C61C20FAE10005251E /* Project object */ = {
			isa = PBXProject;
			attributes = {
				LastUpgradeCheck = 0710;
				ORGANIZATIONNAME = LingLi;
				TargetAttributes = {
					9DC0C5CD1C20FAE10005251E = {
						CreatedOnToolsVersion = 7.1.1;
					};
					9DC0C5E61C20FAE10005251E = {
						CreatedOnToolsVersion = 7.1.1;
						TestTargetID = 9DC0C5CD1C20FAE10005251E;
					};
					9DC0C5F11C20FAE10005251E = {
						CreatedOnToolsVersion = 7.1.1;
						TestTargetID = 9DC0C5CD1C20FAE10005251E;
					};
				};
			};
			buildConfigurationList = 9DC0C5C91C20FAE10005251E /* Build configuration list for PBXProject "Singleton" */;
			compatibilityVersion = "Xcode 3.2";
			developmentRegion = English;
			hasScannedForEncodings = 0;
			knownRegions = (
				en,
				Base,
			);
			mainGroup = 9DC0C5C51C20FAE10005251E;
			productRefGroup = 9DC0C5CF1C20FAE10005251E /* Products */;
			projectDirPath = "";
			projectRoot = "";
			targets = (
				9DC0C5CD1C20FAE10005251E /* Singleton */,
				9DC0C5E61C20FAE10005251E /* SingletonTests */,
				9DC0C5F11C20FAE10005251E /* SingletonUITests */,
			);
		};
/* End PBXProject section */

/* Begin PBXResourcesBuildPhase section */
		9DC0C5CC1C20FAE10005251E /* Resources */ = {
			isa = PBXResourcesBuildPhase;
			buildActionMask = 2147483647;
			files = (
				9DC0C5E11C20FAE10005251E /* LaunchScreen.storyboard in Resources */,
				9DC0C5DE1C20FAE10005251E /* Assets.xcassets in Resources */,
				9DC0C5DC1C20FAE10005251E /* Main.storyboard in Resources */,
			);
			runOnlyForDeploymentPostprocessing = 0;
		};
		9DC0C5E51C20FAE10005251E /* Resources */ = {
			isa = PBXResourcesBuildPhase;
			buildActionMask = 2147483647;
			files = (
			);
			runOnlyForDeploymentPostprocessing = 0;
		};
		9DC0C5F01C20FAE10005251E /* Resources */ = {
			isa = PBXResourcesBuildPhase;
			buildActionMask = 2147483647;
			files = (
			);
			runOnlyForDeploymentPostprocessing = 0;
		};
/* End PBXResourcesBuildPhase section */

/* Begin PBXSourcesBuildPhase section */
		9DC0C5CA1C20FAE10005251E /* Sources */ = {
			isa = PBXSourcesBuildPhase;
			buildActionMask = 2147483647;
			files = (
				9DC0C6091C20FC500005251E /* User.m in Sources */,
				9DC0C5D91C20FAE10005251E /* ViewController.m in Sources */,
				9DC0C6061C20FB100005251E /* MyAppEngine.m in Sources */,
				9DC0C5D61C20FAE10005251E /* AppDelegate.m in Sources */,
				9DC0C5D31C20FAE10005251E /* main.m in Sources */,
			);
			runOnlyForDeploymentPostprocessing = 0;
		};
		9DC0C5E31C20FAE10005251E /* Sources */ = {
			isa = PBXSourcesBuildPhase;
			buildActionMask = 2147483647;
			files = (
				9DC0C5EC1C20FAE10005251E /* SingletonTests.m in Sources */,
			);
			runOnlyForDeploymentPostprocessing = 0;
		};
		9DC0C5EE1C20FAE10005251E /* Sources */ = {
			isa = PBXSourcesBuildPhase;
			buildActionMask = 2147483647;
			files = (
				9DC0C5F71C20FAE10005251E /* SingletonUITests.m in Sources */,
			);
			runOnlyForDeploymentPostprocessing = 0;
		};
/* End PBXSourcesBuildPhase section */

/* Begin PBXTargetDependency section */
		9DC0C5E91C20FAE10005251E /* PBXTargetDependency */ = {
			isa = PBXTargetDependency;
			target = 9DC0C5CD1C20FAE10005251E /* Singleton */;
			targetProxy = 9DC0C5E81C20FAE10005251E /* PBXContainerItemProxy */;
		};
		9DC0C5F41C20FAE10005251E /* PBXTargetDependency */ = {
			isa = PBXTargetDependency;
			target = 9DC0C5CD1C20FAE10005251E /* Singleton */;
			targetProxy = 9DC0C5F31C20FAE10005251E /* PBXContainerItemProxy */;
		};
/* End PBXTargetDependency section */

/* Begin PBXVariantGroup section */
		9DC0C5DA1C20FAE10005251E /* Main.storyboard */ = {
			isa = PBXVariantGroup;
			children = (
				9DC0C5DB1C20FAE10005251E /* Base */,
			);
			name = Main.storyboard;
			sourceTree = "<group>";
		};
		9DC0C5DF1C20FAE10005251E /* LaunchScreen.storyboard */ = {
			isa = PBXVariantGroup;
			children = (
				9DC0C5E01C20FAE10005251E /* Base */,
			);
			name = LaunchScreen.storyboard;
			sourceTree = "<group>";
		};
/* End PBXVariantGroup section */

/* Begin XCBuildConfiguration section */
		9DC0C5F91C20FAE10005251E /* Debug */ = {
			isa = XCBuildConfiguration;
			buildSettings = {
				ALWAYS_SEARCH_USER_PATHS = NO;
				CLANG_CXX_LANGUAGE_STANDARD = "gnu++0x";
				CLANG_CXX_LIBRARY = "libc++";
				CLANG_ENABLE_MODULES = YES;
				CLANG_ENABLE_OBJC_ARC = YES;
				CLANG_WARN_BOOL_CONVERSION = YES;
				CLANG_WARN_CONSTANT_CONVERSION = YES;
				CLANG_WARN_DIRECT_OBJC_ISA_USAGE = YES_ERROR;
				CLANG_WARN_EMPTY_BODY = YES;
				CLANG_WARN_ENUM_CONVERSION = YES;
				CLANG_WARN_INT_CONVERSION = YES;
				CLANG_WARN_OBJC_ROOT_CLASS = YES_ERROR;
				CLANG_WARN_UNREACHABLE_CODE = YES;
				CLANG_WARN__DUPLICATE_METHOD_MATCH = YES;
				"CODE_SIGN_IDENTITY[sdk=iphoneos*]" = "iPhone Developer";
				COPY_PHASE_STRIP = NO;
				DEBUG_INFORMATION_FORMAT = dwarf;
				ENABLE_STRICT_OBJC_MSGSEND = YES;
				ENABLE_TESTABILITY = YES;
				GCC_C_LANGUAGE_STANDARD = gnu99;
				GCC_DYNAMIC_NO_PIC = NO;
				GCC_NO_COMMON_BLOCKS = YES;
				GCC_OPTIMIZATION_LEVEL = 0;
				GCC_PREPROCESSOR_DEFINITIONS = (
					"DEBUG=1",
					"$(inherited)",
				);
				GCC_WARN_64_TO_32_BIT_CONVERSION = YES;
				GCC_WARN_ABOUT_RETURN_TYPE = YES_ERROR;
				GCC_WARN_UNDECLARED_SELECTOR = YES;
				GCC_WARN_UNINITIALIZED_AUTOS = YES_AGGRESSIVE;
				GCC_WARN_UNUSED_FUNCTION = YES;
				GCC_WARN_UNUSED_VARIABLE = YES;
				IPHONEOS_DEPLOYMENT_TARGET = 9.1;
				MTL_ENABLE_DEBUG_INFO = YES;
				ONLY_ACTIVE_ARCH = YES;
				SDKROOT = iphoneos;
				TARGETED_DEVICE_FAMILY = "1,2";
			};
			name = Debug;
		};
		9DC0C5FA1C20FAE10005251E /* Release */ = {
			isa = XCBuildConfiguration;
			buildSettings = {
				ALWAYS_SEARCH_USER_PATHS = NO;
				CLANG_CXX_LANGUAGE_STANDARD = "gnu++0x";
				CLANG_CXX_LIBRARY = "libc++";
				CLANG_ENABLE_MODULES = YES;
				CLANG_ENABLE_OBJC_ARC = YES;
				CLANG_WARN_BOOL_CONVERSION = YES;
				CLANG_WARN_CONSTANT_CONVERSION = YES;
				CLANG_WARN_DIRECT_OBJC_ISA_USAGE = YES_ERROR;
				CLANG_WARN_EMPTY_BODY = YES;
				CLANG_WARN_ENUM_CONVERSION = YES;
				CLANG_WARN_INT_CONVERSION = YES;
				CLANG_WARN_OBJC_ROOT_CLASS = YES_ERROR;
				CLANG_WARN_UNREACHABLE_CODE = YES;
				CLANG_WARN__DUPLICATE_METHOD_MATCH = YES;
				"CODE_SIGN_IDENTITY[sdk=iphoneos*]" = "iPhone Developer";
				COPY_PHASE_STRIP = NO;
				DEBUG_INFORMATION_FORMAT = "dwarf-with-dsym";
				ENABLE_NS_ASSERTIONS = NO;
				ENABLE_STRICT_OBJC_MSGSEND = YES;
				GCC_C_LANGUAGE_STANDARD = gnu99;
				GCC_NO_COMMON_BLOCKS = YES;
				GCC_WARN_64_TO_32_BIT_CONVERSION = YES;
				GCC_WARN_ABOUT_RETURN_TYPE = YES_ERROR;
				GCC_WARN_UNDECLARED_SELECTOR = YES;
				GCC_WARN_UNINITIALIZED_AUTOS = YES_AGGRESSIVE;
				GCC_WARN_UNUSED_FUNCTION = YES;
				GCC_WARN_UNUSED_VARIABLE = YES;
				IPHONEOS_DEPLOYMENT_TARGET = 9.1;
				MTL_ENABLE_DEBUG_INFO = NO;
				SDKROOT = iphoneos;
				TARGETED_DEVICE_FAMILY = "1,2";
				VALIDATE_PRODUCT = YES;
			};
			name = Release;
		};
		9DC0C5FC1C20FAE10005251E /* Debug */ = {
			isa = XCBuildConfiguration;
			buildSettings = {
				ASSETCATALOG_COMPILER_APPICON_NAME = AppIcon;
				INFOPLIST_FILE = Singleton/Info.plist;
				LD_RUNPATH_SEARCH_PATHS = "$(inherited) @executable_path/Frameworks";
				PRODUCT_BUNDLE_IDENTIFIER = Lingli.Singleton;
				PRODUCT_NAME = "$(TARGET_NAME)";
			};
			name = Debug;
		};
		9DC0C5FD1C20FAE10005251E /* Release */ = {
			isa = XCBuildConfiguration;
			buildSettings = {
				ASSETCATALOG_COMPILER_APPICON_NAME = AppIcon;
				INFOPLIST_FILE = Singleton/Info.plist;
				LD_RUNPATH_SEARCH_PATHS = "$(inherited) @executable_path/Frameworks";
				PRODUCT_BUNDLE_IDENTIFIER = Lingli.Singleton;
				PRODUCT_NAME = "$(TARGET_NAME)";
			};
			name = Release;
		};
		9DC0C5FF1C20FAE10005251E /* Debug */ = {
			isa = XCBuildConfiguration;
			buildSettings = {
				BUNDLE_LOADER = "$(TEST_HOST)";
				INFOPLIST_FILE = SingletonTests/Info.plist;
				LD_RUNPATH_SEARCH_PATHS = "$(inherited) @executable_path/Frameworks @loader_path/Frameworks";
				PRODUCT_BUNDLE_IDENTIFIER = Lingli.SingletonTests;
				PRODUCT_NAME = "$(TARGET_NAME)";
				TEST_HOST = "$(BUILT_PRODUCTS_DIR)/Singleton.app/Singleton";
			};
			name = Debug;
		};
		9DC0C6001C20FAE10005251E /* Release */ = {
			isa = XCBuildConfiguration;
			buildSettings = {
				BUNDLE_LOADER = "$(TEST_HOST)";
				INFOPLIST_FILE = SingletonTests/Info.plist;
				LD_RUNPATH_SEARCH_PATHS = "$(inherited) @executable_path/Frameworks @loader_path/Frameworks";
				PRODUCT_BUNDLE_IDENTIFIER = Lingli.SingletonTests;
				PRODUCT_NAME = "$(TARGET_NAME)";
				TEST_HOST = "$(BUILT_PRODUCTS_DIR)/Singleton.app/Singleton";
			};
			name = Release;
		};
		9DC0C6021C20FAE10005251E /* Debug */ = {
			isa = XCBuildConfiguration;
			buildSettings = {
				INFOPLIST_FILE = SingletonUITests/Info.plist;
				LD_RUNPATH_SEARCH_PATHS = "$(inherited) @executable_path/Frameworks @loader_path/Frameworks";
				PRODUCT_BUNDLE_IDENTIFIER = Lingli.SingletonUITests;
				PRODUCT_NAME = "$(TARGET_NAME)";
				TEST_TARGET_NAME = Singleton;
				USES_XCTRUNNER = YES;
			};
			name = Debug;
		};
		9DC0C6031C20FAE10005251E /* Release */ = {
			isa = XCBuildConfiguration;
			buildSettings = {
				INFOPLIST_FILE = SingletonUITests/Info.plist;
				LD_RUNPATH_SEARCH_PATHS = "$(inherited) @executable_path/Frameworks @loader_path/Frameworks";
				PRODUCT_BUNDLE_IDENTIFIER = Lingli.SingletonUITests;
				PRODUCT_NAME = "$(TARGET_NAME)";
				TEST_TARGET_NAME = Singleton;
				USES_XCTRUNNER = YES;
			};
			name = Release;
		};
/* End XCBuildConfiguration section */

/* Begin XCConfigurationList section */
		9DC0C5C91C20FAE10005251E /* Build configuration list for PBXProject "Singleton" */ = {
			isa = XCConfigurationList;
			buildConfigurations = (
				9DC0C5F91C20FAE10005251E /* Debug */,
				9DC0C5FA1C20FAE10005251E /* Release */,
			);
			defaultConfigurationIsVisible = 0;
			defaultConfigurationName = Release;
		};
		9DC0C5FB1C20FAE10005251E /* Build configuration list for PBXNativeTarget "Singleton" */ = {
			isa = XCConfigurationList;
			buildConfigurations = (
				9DC0C5FC1C20FAE10005251E /* Debug */,
				9DC0C5FD1C20FAE10005251E /* Release */,
			);
			defaultConfigurationIsVisible = 0;
		};
		9DC0C5FE1C20FAE10005251E /* Build configuration list for PBXNativeTarget "SingletonTests" */ = {
			isa = XCConfigurationList;
			buildConfigurations = (
				9DC0C5FF1C20FAE10005251E /* Debug */,
				9DC0C6001C20FAE10005251E /* Release */,
			);
			defaultConfigurationIsVisible = 0;
		};
		9DC0C6011C20FAE10005251E /* Build configuration list for PBXNativeTarget "SingletonUITests" */ = {
			isa = XCConfigurationList;
			buildConfigurations = (
				9DC0C6021C20FAE10005251E /* Debug */,
				9DC0C6031C20FAE10005251E /* Release */,
			);
			defaultConfigurationIsVisible = 0;
		};
/* End XCConfigurationList section */
	};
	rootObject = 9DC0C5C61C20FAE10005251E /* Project object */;
}
